// !$*UTF8*$!
{
	archiveVersion = 1;
	classes = {
	};
	objectVersion = 46;
	objects = {

/* Begin PBXBuildFile section */
		3030B5B96E381105C08F8399 /* Pods_ClueList.framework in Frameworks */ = {isa = PBXBuildFile; fileRef = 3BA1A01B99279F2C1526CF86 /* Pods_ClueList.framework */; };
		3D29CE161BDC46A400A02383 /* Constants.swift in Sources */ = {isa = PBXBuildFile; fileRef = 3D29CE151BDC46A400A02383 /* Constants.swift */; };
		3D76DC331BD2D65300BEC914 /* DOCheckbox.swift in Sources */ = {isa = PBXBuildFile; fileRef = 3D76DC321BD2D65300BEC914 /* DOCheckbox.swift */; };
		3D76DC381BD3C31500BEC914 /* UIColorFromHex.swift in Sources */ = {isa = PBXBuildFile; fileRef = 3D76DC371BD3C31500BEC914 /* UIColorFromHex.swift */; };
		3D76DC3A1BD3CEB300BEC914 /* timeago.swift in Sources */ = {isa = PBXBuildFile; fileRef = 3D76DC391BD3CEB300BEC914 /* timeago.swift */; };
		3D76DC3C1BD41B2400BEC914 /* CoreDataManager.swift in Sources */ = {isa = PBXBuildFile; fileRef = 3D76DC3B1BD41B2400BEC914 /* CoreDataManager.swift */; };
		3D76DC3E1BD41BDB00BEC914 /* Factoid.swift in Sources */ = {isa = PBXBuildFile; fileRef = 3D76DC3D1BD41BDB00BEC914 /* Factoid.swift */; };
		3D76DC401BD4564900BEC914 /* ToDoListDataSourceExt.swift in Sources */ = {isa = PBXBuildFile; fileRef = 3D76DC3F1BD4564900BEC914 /* ToDoListDataSourceExt.swift */; };
		3D8D61AC1BF3A15800CEFDC4 /* ToDoList.swift in Sources */ = {isa = PBXBuildFile; fileRef = 3D8D61AB1BF3A15800CEFDC4 /* ToDoList.swift */; };
		3D8FF3311BCBF15C009E3FAF /* AppDelegate.swift in Sources */ = {isa = PBXBuildFile; fileRef = 3D8FF3301BCBF15C009E3FAF /* AppDelegate.swift */; };
		3D8FF3361BCBF15C009E3FAF /* Main.storyboard in Resources */ = {isa = PBXBuildFile; fileRef = 3D8FF3341BCBF15C009E3FAF /* Main.storyboard */; };
		3D8FF3391BCBF15C009E3FAF /* ClueList.xcdatamodeld in Sources */ = {isa = PBXBuildFile; fileRef = 3D8FF3371BCBF15C009E3FAF /* ClueList.xcdatamodeld */; };
		3D8FF33B1BCBF15C009E3FAF /* Assets.xcassets in Resources */ = {isa = PBXBuildFile; fileRef = 3D8FF33A1BCBF15C009E3FAF /* Assets.xcassets */; };
		3D8FF33E1BCBF15C009E3FAF /* LaunchScreen.storyboard in Resources */ = {isa = PBXBuildFile; fileRef = 3D8FF33C1BCBF15C009E3FAF /* LaunchScreen.storyboard */; };
		3D8FF3461BCBFCA1009E3FAF /* ToDoListTableViewController.swift in Sources */ = {isa = PBXBuildFile; fileRef = 3D8FF3451BCBFCA1009E3FAF /* ToDoListTableViewController.swift */; };
		3D8FF3481BCBFDE0009E3FAF /* ToDoItem.swift in Sources */ = {isa = PBXBuildFile; fileRef = 3D8FF3471BCBFDE0009E3FAF /* ToDoItem.swift */; };
		3D8FF34A1BCC069F009E3FAF /* SampleData.swift in Sources */ = {isa = PBXBuildFile; fileRef = 3D8FF3491BCC069F009E3FAF /* SampleData.swift */; };
		3D8FF3521BCC29A5009E3FAF /* ToDoCellTableViewCell.swift in Sources */ = {isa = PBXBuildFile; fileRef = 3D8FF3511BCC29A5009E3FAF /* ToDoCellTableViewCell.swift */; };
		3DB04AD91BE688F5002EE5E3 /* NSString.swift in Sources */ = {isa = PBXBuildFile; fileRef = 3DB04AD81BE688F5002EE5E3 /* NSString.swift */; };
		3DB81EB11BE42D7400C85808 /* NetworkClient.swift in Sources */ = {isa = PBXBuildFile; fileRef = 3DB81EB01BE42D7400C85808 /* NetworkClient.swift */; };
		3DBAEAA61BDF095E00D91336 /* EditToDoViewController.swift in Sources */ = {isa = PBXBuildFile; fileRef = 3DBAEAA51BDF095E00D91336 /* EditToDoViewController.swift */; };
		3DBF14521BDD2A75009D899E /* ControllerSectionInfo.swift in Sources */ = {isa = PBXBuildFile; fileRef = 3DBF14511BDD2A75009D899E /* ControllerSectionInfo.swift */; };
		3DBF14541BDD2A9E009D899E /* ToDoSection.swift in Sources */ = {isa = PBXBuildFile; fileRef = 3DBF14531BDD2A9E009D899E /* ToDoSection.swift */; };
		3DBF14561BDD2B81009D899E /* ToDoMetaData.swift in Sources */ = {isa = PBXBuildFile; fileRef = 3DBF14551BDD2B81009D899E /* ToDoMetaData.swift */; };
		3DBF14581BDD2BEF009D899E /* ToDoListConfiguration.swift in Sources */ = {isa = PBXBuildFile; fileRef = 3DBF14571BDD2BEF009D899E /* ToDoListConfiguration.swift */; };
		3DBF145A1BDD3900009D899E /* ToDoListController.swift in Sources */ = {isa = PBXBuildFile; fileRef = 3DBF14591BDD3900009D899E /* ToDoListController.swift */; };
		3DBF145C1BDD3C3F009D899E /* FetchControllerDelegate.swift in Sources */ = {isa = PBXBuildFile; fileRef = 3DBF145B1BDD3C3F009D899E /* FetchControllerDelegate.swift */; };
		3DD186151BD043B4000BAAD2 /* NSMutableAttributedString.swift in Sources */ = {isa = PBXBuildFile; fileRef = 3DD186141BD043B4000BAAD2 /* NSMutableAttributedString.swift */; };
/* End PBXBuildFile section */

/* Begin PBXFileReference section */
		3BA1A01B99279F2C1526CF86 /* Pods_ClueList.framework */ = {isa = PBXFileReference; explicitFileType = wrapper.framework; includeInIndex = 0; path = Pods_ClueList.framework; sourceTree = BUILT_PRODUCTS_DIR; };
		3D29CE151BDC46A400A02383 /* Constants.swift */ = {isa = PBXFileReference; fileEncoding = 4; lastKnownFileType = sourcecode.swift; path = Constants.swift; sourceTree = "<group>"; };
		3D76DC321BD2D65300BEC914 /* DOCheckbox.swift */ = {isa = PBXFileReference; fileEncoding = 4; lastKnownFileType = sourcecode.swift; path = DOCheckbox.swift; sourceTree = "<group>"; };
		3D76DC371BD3C31500BEC914 /* UIColorFromHex.swift */ = {isa = PBXFileReference; fileEncoding = 4; lastKnownFileType = sourcecode.swift; path = UIColorFromHex.swift; sourceTree = "<group>"; };
		3D76DC391BD3CEB300BEC914 /* timeago.swift */ = {isa = PBXFileReference; fileEncoding = 4; lastKnownFileType = sourcecode.swift; path = timeago.swift; sourceTree = "<group>"; };
		3D76DC3B1BD41B2400BEC914 /* CoreDataManager.swift */ = {isa = PBXFileReference; fileEncoding = 4; lastKnownFileType = sourcecode.swift; path = CoreDataManager.swift; sourceTree = "<group>"; };
		3D76DC3D1BD41BDB00BEC914 /* Factoid.swift */ = {isa = PBXFileReference; fileEncoding = 4; lastKnownFileType = sourcecode.swift; path = Factoid.swift; sourceTree = "<group>"; };
		3D76DC3F1BD4564900BEC914 /* ToDoListDataSourceExt.swift */ = {isa = PBXFileReference; fileEncoding = 4; lastKnownFileType = sourcecode.swift; path = ToDoListDataSourceExt.swift; sourceTree = "<group>"; };
		3D8D61AB1BF3A15800CEFDC4 /* ToDoList.swift */ = {isa = PBXFileReference; fileEncoding = 4; lastKnownFileType = sourcecode.swift; path = ToDoList.swift; sourceTree = "<group>"; };
		3D8FF32D1BCBF15C009E3FAF /* ClueList.app */ = {isa = PBXFileReference; explicitFileType = wrapper.application; includeInIndex = 0; path = ClueList.app; sourceTree = BUILT_PRODUCTS_DIR; };
		3D8FF3301BCBF15C009E3FAF /* AppDelegate.swift */ = {isa = PBXFileReference; lastKnownFileType = sourcecode.swift; path = AppDelegate.swift; sourceTree = "<group>"; };
		3D8FF3351BCBF15C009E3FAF /* Base */ = {isa = PBXFileReference; lastKnownFileType = file.storyboard; name = Base; path = Base.lproj/Main.storyboard; sourceTree = "<group>"; };
		3D8FF3381BCBF15C009E3FAF /* ClueList.xcdatamodel */ = {isa = PBXFileReference; lastKnownFileType = wrapper.xcdatamodel; path = ClueList.xcdatamodel; sourceTree = "<group>"; };
		3D8FF33A1BCBF15C009E3FAF /* Assets.xcassets */ = {isa = PBXFileReference; lastKnownFileType = folder.assetcatalog; path = Assets.xcassets; sourceTree = "<group>"; };
		3D8FF33D1BCBF15C009E3FAF /* Base */ = {isa = PBXFileReference; lastKnownFileType = file.storyboard; name = Base; path = Base.lproj/LaunchScreen.storyboard; sourceTree = "<group>"; };
		3D8FF33F1BCBF15C009E3FAF /* Info.plist */ = {isa = PBXFileReference; lastKnownFileType = text.plist.xml; path = Info.plist; sourceTree = "<group>"; };
		3D8FF3451BCBFCA1009E3FAF /* ToDoListTableViewController.swift */ = {isa = PBXFileReference; fileEncoding = 4; lastKnownFileType = sourcecode.swift; path = ToDoListTableViewController.swift; sourceTree = "<group>"; };
		3D8FF3471BCBFDE0009E3FAF /* ToDoItem.swift */ = {isa = PBXFileReference; fileEncoding = 4; lastKnownFileType = sourcecode.swift; path = ToDoItem.swift; sourceTree = "<group>"; };
		3D8FF3491BCC069F009E3FAF /* SampleData.swift */ = {isa = PBXFileReference; fileEncoding = 4; lastKnownFileType = sourcecode.swift; path = SampleData.swift; sourceTree = "<group>"; };
		3D8FF3511BCC29A5009E3FAF /* ToDoCellTableViewCell.swift */ = {isa = PBXFileReference; fileEncoding = 4; lastKnownFileType = sourcecode.swift; path = ToDoCellTableViewCell.swift; sourceTree = "<group>"; };
		3DB04AD81BE688F5002EE5E3 /* NSString.swift */ = {isa = PBXFileReference; fileEncoding = 4; lastKnownFileType = sourcecode.swift; path = NSString.swift; sourceTree = "<group>"; };
		3DB81EB01BE42D7400C85808 /* NetworkClient.swift */ = {isa = PBXFileReference; fileEncoding = 4; lastKnownFileType = sourcecode.swift; path = NetworkClient.swift; sourceTree = "<group>"; };
		3DBAEAA51BDF095E00D91336 /* EditToDoViewController.swift */ = {isa = PBXFileReference; fileEncoding = 4; lastKnownFileType = sourcecode.swift; path = EditToDoViewController.swift; sourceTree = "<group>"; };
		3DBF14511BDD2A75009D899E /* ControllerSectionInfo.swift */ = {isa = PBXFileReference; fileEncoding = 4; lastKnownFileType = sourcecode.swift; path = ControllerSectionInfo.swift; sourceTree = "<group>"; };
		3DBF14531BDD2A9E009D899E /* ToDoSection.swift */ = {isa = PBXFileReference; fileEncoding = 4; lastKnownFileType = sourcecode.swift; path = ToDoSection.swift; sourceTree = "<group>"; };
		3DBF14551BDD2B81009D899E /* ToDoMetaData.swift */ = {isa = PBXFileReference; fileEncoding = 4; lastKnownFileType = sourcecode.swift; path = ToDoMetaData.swift; sourceTree = "<group>"; };
		3DBF14571BDD2BEF009D899E /* ToDoListConfiguration.swift */ = {isa = PBXFileReference; fileEncoding = 4; lastKnownFileType = sourcecode.swift; path = ToDoListConfiguration.swift; sourceTree = "<group>"; };
		3DBF14591BDD3900009D899E /* ToDoListController.swift */ = {isa = PBXFileReference; fileEncoding = 4; lastKnownFileType = sourcecode.swift; path = ToDoListController.swift; sourceTree = "<group>"; };
		3DBF145B1BDD3C3F009D899E /* FetchControllerDelegate.swift */ = {isa = PBXFileReference; fileEncoding = 4; lastKnownFileType = sourcecode.swift; path = FetchControllerDelegate.swift; sourceTree = "<group>"; };
		3DD186141BD043B4000BAAD2 /* NSMutableAttributedString.swift */ = {isa = PBXFileReference; fileEncoding = 4; lastKnownFileType = sourcecode.swift; path = NSMutableAttributedString.swift; sourceTree = "<group>"; };
		72CBDD3E06D53D331B701235 /* Pods-ClueList.release.xcconfig */ = {isa = PBXFileReference; includeInIndex = 1; lastKnownFileType = text.xcconfig; name = "Pods-ClueList.release.xcconfig"; path = "Pods/Target Support Files/Pods-ClueList/Pods-ClueList.release.xcconfig"; sourceTree = "<group>"; };
		A5018CFBD2B0DB74D5D31191 /* Pods-ClueList.debug.xcconfig */ = {isa = PBXFileReference; includeInIndex = 1; lastKnownFileType = text.xcconfig; name = "Pods-ClueList.debug.xcconfig"; path = "Pods/Target Support Files/Pods-ClueList/Pods-ClueList.debug.xcconfig"; sourceTree = "<group>"; };
/* End PBXFileReference section */

/* Begin PBXFrameworksBuildPhase section */
		3D8FF32A1BCBF15C009E3FAF /* Frameworks */ = {
			isa = PBXFrameworksBuildPhase;
			buildActionMask = 2147483647;
			files = (
				3030B5B96E381105C08F8399 /* Pods_ClueList.framework in Frameworks */,
			);
			runOnlyForDeploymentPostprocessing = 0;
		};
/* End PBXFrameworksBuildPhase section */

/* Begin PBXGroup section */
		3D76DC2D1BD2CB5400BEC914 /* Controllers */ = {
			isa = PBXGroup;
			children = (
				3D8FF3451BCBFCA1009E3FAF /* ToDoListTableViewController.swift */,
				3D76DC3F1BD4564900BEC914 /* ToDoListDataSourceExt.swift */,
				3DBF14591BDD3900009D899E /* ToDoListController.swift */,
				3DBAEAA51BDF095E00D91336 /* EditToDoViewController.swift */,
			);
			name = Controllers;
			sourceTree = "<group>";
		};
		3D76DC2E1BD2CB6800BEC914 /* Models */ = {
			isa = PBXGroup;
			children = (
				3D8FF3471BCBFDE0009E3FAF /* ToDoItem.swift */,
				3D76DC3D1BD41BDB00BEC914 /* Factoid.swift */,
				3DBF14511BDD2A75009D899E /* ControllerSectionInfo.swift */,
				3DBF14531BDD2A9E009D899E /* ToDoSection.swift */,
				3DBF14551BDD2B81009D899E /* ToDoMetaData.swift */,
				3DBF14571BDD2BEF009D899E /* ToDoListConfiguration.swift */,
				3D8D61AB1BF3A15800CEFDC4 /* ToDoList.swift */,
			);
			name = Models;
			sourceTree = "<group>";
		};
		3D76DC2F1BD2CBB100BEC914 /* Views */ = {
			isa = PBXGroup;
			children = (
				3D8FF3511BCC29A5009E3FAF /* ToDoCellTableViewCell.swift */,
				3D76DC321BD2D65300BEC914 /* DOCheckbox.swift */,
			);
			name = Views;
			sourceTree = "<group>";
		};
		3D76DC361BD3C2E900BEC914 /* Util */ = {
			isa = PBXGroup;
			children = (
				3DD186141BD043B4000BAAD2 /* NSMutableAttributedString.swift */,
				3DB04AD81BE688F5002EE5E3 /* NSString.swift */,
				3D76DC371BD3C31500BEC914 /* UIColorFromHex.swift */,
				3D76DC391BD3CEB300BEC914 /* timeago.swift */,
			);
			name = Util;
			sourceTree = "<group>";
		};
		3D8FF3241BCBF15C009E3FAF = {
			isa = PBXGroup;
			children = (
				3D8FF32F1BCBF15C009E3FAF /* ClueList */,
				3D8FF32E1BCBF15C009E3FAF /* Products */,
				4ED3A724B0EE97C69DE78DED /* Pods */,
				CFA3D95679215A343E7D69AC /* Frameworks */,
			);
			sourceTree = "<group>";
		};
		3D8FF32E1BCBF15C009E3FAF /* Products */ = {
			isa = PBXGroup;
			children = (
				3D8FF32D1BCBF15C009E3FAF /* ClueList.app */,
			);
			name = Products;
			sourceTree = "<group>";
		};
		3D8FF32F1BCBF15C009E3FAF /* ClueList */ = {
			isa = PBXGroup;
			children = (
				3D8FF3301BCBF15C009E3FAF /* AppDelegate.swift */,
				3D76DC3B1BD41B2400BEC914 /* CoreDataManager.swift */,
				3DBF145B1BDD3C3F009D899E /* FetchControllerDelegate.swift */,
				3D76DC2F1BD2CBB100BEC914 /* Views */,
				3D76DC2D1BD2CB5400BEC914 /* Controllers */,
				3D76DC2E1BD2CB6800BEC914 /* Models */,
				3D8FF3491BCC069F009E3FAF /* SampleData.swift */,
				3D8FF3341BCBF15C009E3FAF /* Main.storyboard */,
				3D76DC361BD3C2E900BEC914 /* Util */,
				3D8FF33A1BCBF15C009E3FAF /* Assets.xcassets */,
				3D8FF33C1BCBF15C009E3FAF /* LaunchScreen.storyboard */,
				3D8FF33F1BCBF15C009E3FAF /* Info.plist */,
				3D8FF3371BCBF15C009E3FAF /* ClueList.xcdatamodeld */,
				3D29CE151BDC46A400A02383 /* Constants.swift */,
				3DB81EB01BE42D7400C85808 /* NetworkClient.swift */,
			);
			path = ClueList;
			sourceTree = "<group>";
		};
		4ED3A724B0EE97C69DE78DED /* Pods */ = {
			isa = PBXGroup;
			children = (
				A5018CFBD2B0DB74D5D31191 /* Pods-ClueList.debug.xcconfig */,
				72CBDD3E06D53D331B701235 /* Pods-ClueList.release.xcconfig */,
			);
			name = Pods;
			sourceTree = "<group>";
		};
		CFA3D95679215A343E7D69AC /* Frameworks */ = {
			isa = PBXGroup;
			children = (
				3BA1A01B99279F2C1526CF86 /* Pods_ClueList.framework */,
			);
			name = Frameworks;
			sourceTree = "<group>";
		};
/* End PBXGroup section */

/* Begin PBXNativeTarget section */
		3D8FF32C1BCBF15C009E3FAF /* ClueList */ = {
			isa = PBXNativeTarget;
			buildConfigurationList = 3D8FF3421BCBF15C009E3FAF /* Build configuration list for PBXNativeTarget "ClueList" */;
			buildPhases = (
				FFA04069CA8E62103A776A7A /* Check Pods Manifest.lock */,
				3D8FF3291BCBF15C009E3FAF /* Sources */,
				3D8FF32A1BCBF15C009E3FAF /* Frameworks */,
				3D8FF32B1BCBF15C009E3FAF /* Resources */,
				F342DB73C3F595846E2C74CB /* Embed Pods Frameworks */,
				8F795BD35DAC2695F85FCE08 /* Copy Pods Resources */,
			);
			buildRules = (
			);
			dependencies = (
			);
			name = ClueList;
			productName = ClueList;
			productReference = 3D8FF32D1BCBF15C009E3FAF /* ClueList.app */;
			productType = "com.apple.product-type.application";
		};
/* End PBXNativeTarget section */

/* Begin PBXProject section */
		3D8FF3251BCBF15C009E3FAF /* Project object */ = {
			isa = PBXProject;
			attributes = {
				LastUpgradeCheck = 0700;
				ORGANIZATIONNAME = GE;
				TargetAttributes = {
					3D8FF32C1BCBF15C009E3FAF = {
						CreatedOnToolsVersion = 7.0.1;
					};
				};
			};
			buildConfigurationList = 3D8FF3281BCBF15C009E3FAF /* Build configuration list for PBXProject "ClueList" */;
			compatibilityVersion = "Xcode 3.2";
			developmentRegion = English;
			hasScannedForEncodings = 0;
			knownRegions = (
				en,
				Base,
			);
			mainGroup = 3D8FF3241BCBF15C009E3FAF;
			productRefGroup = 3D8FF32E1BCBF15C009E3FAF /* Products */;
			projectDirPath = "";
			projectRoot = "";
			targets = (
				3D8FF32C1BCBF15C009E3FAF /* ClueList */,
			);
		};
/* End PBXProject section */

/* Begin PBXResourcesBuildPhase section */
		3D8FF32B1BCBF15C009E3FAF /* Resources */ = {
			isa = PBXResourcesBuildPhase;
			buildActionMask = 2147483647;
			files = (
				3D8FF33E1BCBF15C009E3FAF /* LaunchScreen.storyboard in Resources */,
				3D8FF33B1BCBF15C009E3FAF /* Assets.xcassets in Resources */,
				3D8FF3361BCBF15C009E3FAF /* Main.storyboard in Resources */,
			);
			runOnlyForDeploymentPostprocessing = 0;
		};
/* End PBXResourcesBuildPhase section */

/* Begin PBXShellScriptBuildPhase section */
		8F795BD35DAC2695F85FCE08 /* Copy Pods Resources */ = {
			isa = PBXShellScriptBuildPhase;
			buildActionMask = 2147483647;
			files = (
			);
			inputPaths = (
			);
			name = "Copy Pods Resources";
			outputPaths = (
			);
			runOnlyForDeploymentPostprocessing = 0;
			shellPath = /bin/sh;
			shellScript = "\"${SRCROOT}/Pods/Target Support Files/Pods-ClueList/Pods-ClueList-resources.sh\"\n";
			showEnvVarsInLog = 0;
		};
		F342DB73C3F595846E2C74CB /* Embed Pods Frameworks */ = {
			isa = PBXShellScriptBuildPhase;
			buildActionMask = 2147483647;
			files = (
			);
			inputPaths = (
			);
			name = "Embed Pods Frameworks";
			outputPaths = (
			);
			runOnlyForDeploymentPostprocessing = 0;
			shellPath = /bin/sh;
			shellScript = "\"${SRCROOT}/Pods/Target Support Files/Pods-ClueList/Pods-ClueList-frameworks.sh\"\n";
			showEnvVarsInLog = 0;
		};
		FFA04069CA8E62103A776A7A /* Check Pods Manifest.lock */ = {
			isa = PBXShellScriptBuildPhase;
			buildActionMask = 2147483647;
			files = (
			);
			inputPaths = (
			);
			name = "Check Pods Manifest.lock";
			outputPaths = (
			);
			runOnlyForDeploymentPostprocessing = 0;
			shellPath = /bin/sh;
			shellScript = "diff \"${PODS_ROOT}/../Podfile.lock\" \"${PODS_ROOT}/Manifest.lock\" > /dev/null\nif [[ $? != 0 ]] ; then\n    cat << EOM\nerror: The sandbox is not in sync with the Podfile.lock. Run 'pod install' or update your CocoaPods installation.\nEOM\n    exit 1\nfi\n";
			showEnvVarsInLog = 0;
		};
/* End PBXShellScriptBuildPhase section */

/* Begin PBXSourcesBuildPhase section */
		3D8FF3291BCBF15C009E3FAF /* Sources */ = {
			isa = PBXSourcesBuildPhase;
			buildActionMask = 2147483647;
			files = (
				3DBF14561BDD2B81009D899E /* ToDoMetaData.swift in Sources */,
				3DB04AD91BE688F5002EE5E3 /* NSString.swift in Sources */,
				3D8FF34A1BCC069F009E3FAF /* SampleData.swift in Sources */,
				3D8FF3311BCBF15C009E3FAF /* AppDelegate.swift in Sources */,
				3DB81EB11BE42D7400C85808 /* NetworkClient.swift in Sources */,
				3D76DC3A1BD3CEB300BEC914 /* timeago.swift in Sources */,
				3DBF145A1BDD3900009D899E /* ToDoListController.swift in Sources */,
				3D8FF3521BCC29A5009E3FAF /* ToDoCellTableViewCell.swift in Sources */,
				3D76DC401BD4564900BEC914 /* ToDoListDataSourceExt.swift in Sources */,
				3DBF14581BDD2BEF009D899E /* ToDoListConfiguration.swift in Sources */,
				3DD186151BD043B4000BAAD2 /* NSMutableAttributedString.swift in Sources */,
				3D76DC381BD3C31500BEC914 /* UIColorFromHex.swift in Sources */,
				3DBF14541BDD2A9E009D899E /* ToDoSection.swift in Sources */,
				3D8FF3481BCBFDE0009E3FAF /* ToDoItem.swift in Sources */,
				3DBAEAA61BDF095E00D91336 /* EditToDoViewController.swift in Sources */,
				3DBF14521BDD2A75009D899E /* ControllerSectionInfo.swift in Sources */,
				3D76DC331BD2D65300BEC914 /* DOCheckbox.swift in Sources */,
				3D8FF3391BCBF15C009E3FAF /* ClueList.xcdatamodeld in Sources */,
				3D29CE161BDC46A400A02383 /* Constants.swift in Sources */,
				3D8D61AC1BF3A15800CEFDC4 /* ToDoList.swift in Sources */,
				3D8FF3461BCBFCA1009E3FAF /* ToDoListTableViewController.swift in Sources */,
				3DBF145C1BDD3C3F009D899E /* FetchControllerDelegate.swift in Sources */,
				3D76DC3E1BD41BDB00BEC914 /* Factoid.swift in Sources */,
				3D76DC3C1BD41B2400BEC914 /* CoreDataManager.swift in Sources */,
			);
			runOnlyForDeploymentPostprocessing = 0;
		};
/* End PBXSourcesBuildPhase section */

/* Begin PBXVariantGroup section */
		3D8FF3341BCBF15C009E3FAF /* Main.storyboard */ = {
			isa = PBXVariantGroup;
			children = (
				3D8FF3351BCBF15C009E3FAF /* Base */,
			);
			name = Main.storyboard;
			sourceTree = "<group>";
		};
		3D8FF33C1BCBF15C009E3FAF /* LaunchScreen.storyboard */ = {
			isa = PBXVariantGroup;
			children = (
				3D8FF33D1BCBF15C009E3FAF /* Base */,
			);
			name = LaunchScreen.storyboard;
			sourceTree = "<group>";
		};
/* End PBXVariantGroup section */

/* Begin XCBuildConfiguration section */
		3D8FF3401BCBF15C009E3FAF /* Debug */ = {
			isa = XCBuildConfiguration;
			buildSettings = {
				ALWAYS_SEARCH_USER_PATHS = NO;
				CLANG_CXX_LANGUAGE_STANDARD = "gnu++0x";
				CLANG_CXX_LIBRARY = "libc++";
				CLANG_ENABLE_MODULES = YES;
				CLANG_ENABLE_OBJC_ARC = YES;
				CLANG_WARN_BOOL_CONVERSION = YES;
				CLANG_WARN_CONSTANT_CONVERSION = YES;
				CLANG_WARN_DIRECT_OBJC_ISA_USAGE = YES_ERROR;
				CLANG_WARN_EMPTY_BODY = YES;
				CLANG_WARN_ENUM_CONVERSION = YES;
				CLANG_WARN_INT_CONVERSION = YES;
				CLANG_WARN_OBJC_ROOT_CLASS = YES_ERROR;
				CLANG_WARN_UNREACHABLE_CODE = YES;
				CLANG_WARN__DUPLICATE_METHOD_MATCH = YES;
				"CODE_SIGN_IDENTITY[sdk=iphoneos*]" = "iPhone Developer";
				COPY_PHASE_STRIP = NO;
				DEBUG_INFORMATION_FORMAT = dwarf;
				ENABLE_STRICT_OBJC_MSGSEND = YES;
				ENABLE_TESTABILITY = YES;
				GCC_C_LANGUAGE_STANDARD = gnu99;
				GCC_DYNAMIC_NO_PIC = NO;
				GCC_NO_COMMON_BLOCKS = YES;
				GCC_OPTIMIZATION_LEVEL = 0;
				GCC_PREPROCESSOR_DEFINITIONS = (
					"DEBUG=1",
					"$(inherited)",
				);
				GCC_WARN_64_TO_32_BIT_CONVERSION = YES;
				GCC_WARN_ABOUT_RETURN_TYPE = YES_ERROR;
				GCC_WARN_UNDECLARED_SELECTOR = YES;
				GCC_WARN_UNINITIALIZED_AUTOS = YES_AGGRESSIVE;
				GCC_WARN_UNUSED_FUNCTION = YES;
				GCC_WARN_UNUSED_VARIABLE = YES;
				IPHONEOS_DEPLOYMENT_TARGET = 9.0;
				MTL_ENABLE_DEBUG_INFO = YES;
				ONLY_ACTIVE_ARCH = YES;
				SDKROOT = iphoneos;
				SWIFT_OPTIMIZATION_LEVEL = "-Onone";
			};
			name = Debug;
		};
		3D8FF3411BCBF15C009E3FAF /* Release */ = {
			isa = XCBuildConfiguration;
			buildSettings = {
				ALWAYS_SEARCH_USER_PATHS = NO;
				CLANG_CXX_LANGUAGE_STANDARD = "gnu++0x";
				CLANG_CXX_LIBRARY = "libc++";
				CLANG_ENABLE_MODULES = YES;
				CLANG_ENABLE_OBJC_ARC = YES;
				CLANG_WARN_BOOL_CONVERSION = YES;
				CLANG_WARN_CONSTANT_CONVERSION = YES;
				CLANG_WARN_DIRECT_OBJC_ISA_USAGE = YES_ERROR;
				CLANG_WARN_EMPTY_BODY = YES;
				CLANG_WARN_ENUM_CONVERSION = YES;
				CLANG_WARN_INT_CONVERSION = YES;
				CLANG_WARN_OBJC_ROOT_CLASS = YES_ERROR;
				CLANG_WARN_UNREACHABLE_CODE = YES;
				CLANG_WARN__DUPLICATE_METHOD_MATCH = YES;
				"CODE_SIGN_IDENTITY[sdk=iphoneos*]" = "iPhone Developer";
				COPY_PHASE_STRIP = NO;
				DEBUG_INFORMATION_FORMAT = "dwarf-with-dsym";
				ENABLE_NS_ASSERTIONS = NO;
				ENABLE_STRICT_OBJC_MSGSEND = YES;
				GCC_C_LANGUAGE_STANDARD = gnu99;
				GCC_NO_COMMON_BLOCKS = YES;
				GCC_WARN_64_TO_32_BIT_CONVERSION = YES;
				GCC_WARN_ABOUT_RETURN_TYPE = YES_ERROR;
				GCC_WARN_UNDECLARED_SELECTOR = YES;
				GCC_WARN_UNINITIALIZED_AUTOS = YES_AGGRESSIVE;
				GCC_WARN_UNUSED_FUNCTION = YES;
				GCC_WARN_UNUSED_VARIABLE = YES;
				IPHONEOS_DEPLOYMENT_TARGET = 9.0;
				MTL_ENABLE_DEBUG_INFO = NO;
				SDKROOT = iphoneos;
				VALIDATE_PRODUCT = YES;
			};
			name = Release;
		};
		3D8FF3431BCBF15C009E3FAF /* Debug */ = {
			isa = XCBuildConfiguration;
			baseConfigurationReference = A5018CFBD2B0DB74D5D31191 /* Pods-ClueList.debug.xcconfig */;
			buildSettings = {
				ASSETCATALOG_COMPILER_APPICON_NAME = AppIcon;
				INFOPLIST_FILE = ClueList/Info.plist;
				LD_RUNPATH_SEARCH_PATHS = "$(inherited) @executable_path/Frameworks";
				PRODUCT_BUNDLE_IDENTIFIER = edu.self.ClueList;
				PRODUCT_NAME = "$(TARGET_NAME)";
			};
			name = Debug;
		};
		3D8FF3441BCBF15C009E3FAF /* Release */ = {
			isa = XCBuildConfiguration;
			baseConfigurationReference = 72CBDD3E06D53D331B701235 /* Pods-ClueList.release.xcconfig */;
			buildSettings = {
				ASSETCATALOG_COMPILER_APPICON_NAME = AppIcon;
				INFOPLIST_FILE = ClueList/Info.plist;
				LD_RUNPATH_SEARCH_PATHS = "$(inherited) @executable_path/Frameworks";
				PRODUCT_BUNDLE_IDENTIFIER = edu.self.ClueList;
				PRODUCT_NAME = "$(TARGET_NAME)";
			};
			name = Release;
		};
/* End XCBuildConfiguration section */

/* Begin XCConfigurationList section */
		3D8FF3281BCBF15C009E3FAF /* Build configuration list for PBXProject "ClueList" */ = {
			isa = XCConfigurationList;
			buildConfigurations = (
				3D8FF3401BCBF15C009E3FAF /* Debug */,
				3D8FF3411BCBF15C009E3FAF /* Release */,
			);
			defaultConfigurationIsVisible = 0;
			defaultConfigurationName = Release;
		};
		3D8FF3421BCBF15C009E3FAF /* Build configuration list for PBXNativeTarget "ClueList" */ = {
			isa = XCConfigurationList;
			buildConfigurations = (
				3D8FF3431BCBF15C009E3FAF /* Debug */,
				3D8FF3441BCBF15C009E3FAF /* Release */,
			);
			defaultConfigurationIsVisible = 0;
			defaultConfigurationName = Release;
		};
/* End XCConfigurationList section */

/* Begin XCVersionGroup section */
		3D8FF3371BCBF15C009E3FAF /* ClueList.xcdatamodeld */ = {
			isa = XCVersionGroup;
			children = (
				3D8FF3381BCBF15C009E3FAF /* ClueList.xcdatamodel */,
			);
			currentVersion = 3D8FF3381BCBF15C009E3FAF /* ClueList.xcdatamodel */;
			path = ClueList.xcdatamodeld;
			sourceTree = "<group>";
			versionGroupType = wrapper.xcdatamodel;
		};
/* End XCVersionGroup section */
	};
	rootObject = 3D8FF3251BCBF15C009E3FAF /* Project object */;
}
